
Microsoft Visual Studio Solution File, Format Version 12.00
# Visual Studio Version 17
VisualStudioVersion = 17.0.32014.148
MinimumVisualStudioVersion = 10.0.40219.1
Project("{FAE04EC0-301F-11D3-BF4B-00C04F79EFBC}") = "Telephony", "Telephony\Telephony.csproj", "{37A7AF06-117B-43BB-8DEE-2BF025F1DB33}"
EndProject
Global
	GlobalSection(SolutionConfigurationPlatforms) = preSolution
		Debug|Any CPU = Debug|Any CPU
		Release|Any CPU = Release|Any CPU
	EndGlobalSection
	GlobalSection(ProjectConfigurationPlatforms) = postSolution
		{37A7AF06-117B-43BB-8DEE-2BF025F1DB33}.Debug|Any CPU.ActiveCfg = Debug|Any CPU
		{37A7AF06-117B-43BB-8DEE-2BF025F1DB33}.Debug|Any CPU.Build.0 = Debug|Any CPU
		{37A7AF06-117B-43BB-8DEE-2BF025F1DB33}.Release|Any CPU.ActiveCfg = Release|Any CPU
		{37A7AF06-117B-43BB-8DEE-2BF025F1DB33}.Release|Any CPU.Build.0 = Release|Any CPU
	EndGlobalSection
	GlobalSection(SolutionProperties) = preSolution
		HideSolutionNode = FALSE
	EndGlobalSection
	GlobalSection(ExtensibilityGlobals) = postSolution
		SolutionGuid = {1AF5CAF6-C53D-405B-9505-68DC2E4E45B4}
	EndGlobalSection
EndGlobal
