
Microsoft Visual Studio Solution File, Format Version 12.00
# Visual Studio Version 17
VisualStudioVersion = 17.0.32014.148
MinimumVisualStudioVersion = 10.0.40219.1
Project("{9A19103F-16F7-4668-BE54-9A1E7A4F7556}") = "BakeryOpenning", "BakeryOpenning.csproj", "{2EEFC852-7CB1-4FC1-BCA6-C5A68A3AA1FB}"
EndProject
Global
	GlobalSection(SolutionConfigurationPlatforms) = preSolution
		Debug|Any CPU = Debug|Any CPU
		Release|Any CPU = Release|Any CPU
	EndGlobalSection
	GlobalSection(ProjectConfigurationPlatforms) = postSolution
		{2EEFC852-7CB1-4FC1-BCA6-C5A68A3AA1FB}.Debug|Any CPU.ActiveCfg = Debug|Any CPU
		{2EEFC852-7CB1-4FC1-BCA6-C5A68A3AA1FB}.Debug|Any CPU.Build.0 = Debug|Any CPU
		{2EEFC852-7CB1-4FC1-BCA6-C5A68A3AA1FB}.Release|Any CPU.ActiveCfg = Release|Any CPU
		{2EEFC852-7CB1-4FC1-BCA6-C5A68A3AA1FB}.Release|Any CPU.Build.0 = Release|Any CPU
	EndGlobalSection
	GlobalSection(SolutionProperties) = preSolution
		HideSolutionNode = FALSE
	EndGlobalSection
	GlobalSection(ExtensibilityGlobals) = postSolution
		SolutionGuid = {17FF7AF5-C212-41A3-8687-40AE066F47D2}
	EndGlobalSection
EndGlobal
