
Microsoft Visual Studio Solution File, Format Version 12.00
# Visual Studio Version 17
VisualStudioVersion = 17.0.31919.166
MinimumVisualStudioVersion = 10.0.40219.1
Project("{FAE04EC0-301F-11D3-BF4B-00C04F79EFBC}") = "Snake", "Snake\Snake.csproj", "{ADAA53CB-AF3E-4489-8A49-F44518BB6B14}"
EndProject
Global
	GlobalSection(SolutionConfigurationPlatforms) = preSolution
		Debug|Any CPU = Debug|Any CPU
		Release|Any CPU = Release|Any CPU
	EndGlobalSection
	GlobalSection(ProjectConfigurationPlatforms) = postSolution
		{ADAA53CB-AF3E-4489-8A49-F44518BB6B14}.Debug|Any CPU.ActiveCfg = Debug|Any CPU
		{ADAA53CB-AF3E-4489-8A49-F44518BB6B14}.Debug|Any CPU.Build.0 = Debug|Any CPU
		{ADAA53CB-AF3E-4489-8A49-F44518BB6B14}.Release|Any CPU.ActiveCfg = Release|Any CPU
		{ADAA53CB-AF3E-4489-8A49-F44518BB6B14}.Release|Any CPU.Build.0 = Release|Any CPU
	EndGlobalSection
	GlobalSection(SolutionProperties) = preSolution
		HideSolutionNode = FALSE
	EndGlobalSection
	GlobalSection(ExtensibilityGlobals) = postSolution
		SolutionGuid = {CCDD790B-AA41-4C38-9A48-F294E9654207}
	EndGlobalSection
EndGlobal
